// !$*UTF8*$!
{
	archiveVersion = 1;
	classes = {
	};
	objectVersion = 50;
	objects = {

/* Begin PBXBuildFile section */
		7E4CD33BE1192E018173C59C /* Pods_Intervals___Frequencies.framework in Frameworks */ = {isa = PBXBuildFile; fileRef = 58654AC7EFA14A3EA3640332 /* Pods_Intervals___Frequencies.framework */; };
		D7118F9822CFA74200EE2F8E /* AppDelegate.swift in Sources */ = {isa = PBXBuildFile; fileRef = D7118F9722CFA74200EE2F8E /* AppDelegate.swift */; };
		D7118F9A22CFA74200EE2F8E /* FrequenciesViewController.swift in Sources */ = {isa = PBXBuildFile; fileRef = D7118F9922CFA74200EE2F8E /* FrequenciesViewController.swift */; };
		D7118F9F22CFA74400EE2F8E /* Assets.xcassets in Resources */ = {isa = PBXBuildFile; fileRef = D7118F9E22CFA74400EE2F8E /* Assets.xcassets */; };
		D7118FA222CFA74400EE2F8E /* LaunchScreen.storyboard in Resources */ = {isa = PBXBuildFile; fileRef = D7118FA022CFA74400EE2F8E /* LaunchScreen.storyboard */; };
		D7118FAF22CFAFF400EE2F8E /* Waves.storyboard in Resources */ = {isa = PBXBuildFile; fileRef = D7118FAD22CFAFF400EE2F8E /* Waves.storyboard */; };
		D7118FB122CFB5D500EE2F8E /* IntervalsViewController.swift in Sources */ = {isa = PBXBuildFile; fileRef = D7118FB022CFB5D500EE2F8E /* IntervalsViewController.swift */; };
		D7118FB322CFB6EC00EE2F8E /* Frequencies.swift in Sources */ = {isa = PBXBuildFile; fileRef = D7118FB222CFB6EC00EE2F8E /* Frequencies.swift */; };
/* End PBXBuildFile section */

/* Begin PBXCopyFilesBuildPhase section */
		D7118FAC22CFA7B000EE2F8E /* Embed Frameworks */ = {
			isa = PBXCopyFilesBuildPhase;
			buildActionMask = 2147483647;
			dstPath = "";
			dstSubfolderSpec = 10;
			files = (
			);
			name = "Embed Frameworks";
			runOnlyForDeploymentPostprocessing = 0;
		};
/* End PBXCopyFilesBuildPhase section */

/* Begin PBXFileReference section */
		0B708C0E73B7338F7B9B714B /* Pods-Intervals & Frequencies.debug.xcconfig */ = {isa = PBXFileReference; includeInIndex = 1; lastKnownFileType = text.xcconfig; name = "Pods-Intervals & Frequencies.debug.xcconfig"; path = "Target Support Files/Pods-Intervals & Frequencies/Pods-Intervals & Frequencies.debug.xcconfig"; sourceTree = "<group>"; };
		58654AC7EFA14A3EA3640332 /* Pods_Intervals___Frequencies.framework */ = {isa = PBXFileReference; explicitFileType = wrapper.framework; includeInIndex = 0; path = "Pods_Intervals___Frequencies.framework"; sourceTree = BUILT_PRODUCTS_DIR; };
		64FF1BEEC6A50A360D4730AD /* Pods-Intervals & Frequencies.release.xcconfig */ = {isa = PBXFileReference; includeInIndex = 1; lastKnownFileType = text.xcconfig; name = "Pods-Intervals & Frequencies.release.xcconfig"; path = "Target Support Files/Pods-Intervals & Frequencies/Pods-Intervals & Frequencies.release.xcconfig"; sourceTree = "<group>"; };
		D7118F9422CFA74100EE2F8E /* Intervals & Frequencies.app */ = {isa = PBXFileReference; explicitFileType = wrapper.application; includeInIndex = 0; path = "Intervals & Frequencies.app"; sourceTree = BUILT_PRODUCTS_DIR; };
		D7118F9722CFA74200EE2F8E /* AppDelegate.swift */ = {isa = PBXFileReference; lastKnownFileType = sourcecode.swift; path = AppDelegate.swift; sourceTree = "<group>"; };
		D7118F9922CFA74200EE2F8E /* FrequenciesViewController.swift */ = {isa = PBXFileReference; lastKnownFileType = sourcecode.swift; path = FrequenciesViewController.swift; sourceTree = "<group>"; };
		D7118F9E22CFA74400EE2F8E /* Assets.xcassets */ = {isa = PBXFileReference; lastKnownFileType = folder.assetcatalog; path = Assets.xcassets; sourceTree = "<group>"; };
		D7118FA122CFA74400EE2F8E /* Base */ = {isa = PBXFileReference; lastKnownFileType = file.storyboard; name = Base; path = Base.lproj/LaunchScreen.storyboard; sourceTree = "<group>"; };
		D7118FA322CFA74400EE2F8E /* Info.plist */ = {isa = PBXFileReference; lastKnownFileType = text.plist.xml; path = Info.plist; sourceTree = "<group>"; };
		D7118FAE22CFAFF400EE2F8E /* Base */ = {isa = PBXFileReference; lastKnownFileType = file.storyboard; name = Base; path = Base.lproj/Waves.storyboard; sourceTree = "<group>"; };
		D7118FB022CFB5D500EE2F8E /* IntervalsViewController.swift */ = {isa = PBXFileReference; lastKnownFileType = sourcecode.swift; path = IntervalsViewController.swift; sourceTree = "<group>"; };
		D7118FB222CFB6EC00EE2F8E /* Frequencies.swift */ = {isa = PBXFileReference; lastKnownFileType = sourcecode.swift; path = Frequencies.swift; sourceTree = "<group>"; };
/* End PBXFileReference section */

/* Begin PBXFrameworksBuildPhase section */
		D7118F9122CFA74100EE2F8E /* Frameworks */ = {
			isa = PBXFrameworksBuildPhase;
			buildActionMask = 2147483647;
			files = (
				7E4CD33BE1192E018173C59C /* Pods_Intervals___Frequencies.framework in Frameworks */,
			);
			runOnlyForDeploymentPostprocessing = 0;
		};
/* End PBXFrameworksBuildPhase section */

/* Begin PBXGroup section */
		9F3D123A341387FF31EF94C8 /* Pods */ = {
			isa = PBXGroup;
			children = (
				0B708C0E73B7338F7B9B714B /* Pods-Intervals & Frequencies.debug.xcconfig */,
				64FF1BEEC6A50A360D4730AD /* Pods-Intervals & Frequencies.release.xcconfig */,
			);
			path = Pods;
			sourceTree = "<group>";
		};
		B2F0DF448F0006254D14D4CA /* Frameworks */ = {
			isa = PBXGroup;
			children = (
				58654AC7EFA14A3EA3640332 /* Pods_Intervals___Frequencies.framework */,
			);
			name = Frameworks;
			sourceTree = "<group>";
		};
		D7118F8B22CFA74100EE2F8E = {
			isa = PBXGroup;
			children = (
				D7118F9622CFA74100EE2F8E /* Intervals & Frequencies */,
				D7118F9522CFA74100EE2F8E /* Products */,
				9F3D123A341387FF31EF94C8 /* Pods */,
				B2F0DF448F0006254D14D4CA /* Frameworks */,
			);
			sourceTree = "<group>";
		};
		D7118F9522CFA74100EE2F8E /* Products */ = {
			isa = PBXGroup;
			children = (
				D7118F9422CFA74100EE2F8E /* Intervals & Frequencies.app */,
			);
			name = Products;
			sourceTree = "<group>";
		};
		D7118F9622CFA74100EE2F8E /* Intervals & Frequencies */ = {
			isa = PBXGroup;
			children = (
				D7118F9722CFA74200EE2F8E /* AppDelegate.swift */,
				D7118F9922CFA74200EE2F8E /* FrequenciesViewController.swift */,
				D7118FB222CFB6EC00EE2F8E /* Frequencies.swift */,
				D7118FB022CFB5D500EE2F8E /* IntervalsViewController.swift */,
				D7118FAD22CFAFF400EE2F8E /* Waves.storyboard */,
				D7118F9E22CFA74400EE2F8E /* Assets.xcassets */,
				D7118FA022CFA74400EE2F8E /* LaunchScreen.storyboard */,
				D7118FA322CFA74400EE2F8E /* Info.plist */,
			);
			path = "Intervals & Frequencies";
			sourceTree = "<group>";
		};
/* End PBXGroup section */

/* Begin PBXNativeTarget section */
		D7118F9322CFA74100EE2F8E /* Intervals & Frequencies */ = {
			isa = PBXNativeTarget;
			buildConfigurationList = D7118FA622CFA74400EE2F8E /* Build configuration list for PBXNativeTarget "Intervals & Frequencies" */;
			buildPhases = (
				73892B458F2E8627EDBD0D42 /* [CP] Check Pods Manifest.lock */,
				D7118F9022CFA74100EE2F8E /* Sources */,
				D7118F9122CFA74100EE2F8E /* Frameworks */,
				D7118F9222CFA74100EE2F8E /* Resources */,
				D7118FAC22CFA7B000EE2F8E /* Embed Frameworks */,
			);
			buildRules = (
			);
			dependencies = (
			);
			name = "Intervals & Frequencies";
			productName = "Intervals & Frequencies";
			productReference = D7118F9422CFA74100EE2F8E /* Intervals & Frequencies.app */;
			productType = "com.apple.product-type.application";
		};
/* End PBXNativeTarget section */

/* Begin PBXProject section */
		D7118F8C22CFA74100EE2F8E /* Project object */ = {
			isa = PBXProject;
			attributes = {
				LastSwiftUpdateCheck = 1020;
				LastUpgradeCheck = 1020;
				ORGANIZATIONNAME = Matvey;
				TargetAttributes = {
					D7118F9322CFA74100EE2F8E = {
						CreatedOnToolsVersion = 10.2;
					};
				};
			};
			buildConfigurationList = D7118F8F22CFA74100EE2F8E /* Build configuration list for PBXProject "Intervals & Frequencies" */;
			compatibilityVersion = "Xcode 9.3";
			developmentRegion = en;
			hasScannedForEncodings = 0;
			knownRegions = (
				en,
				Base,
			);
			mainGroup = D7118F8B22CFA74100EE2F8E;
			productRefGroup = D7118F9522CFA74100EE2F8E /* Products */;
			projectDirPath = "";
			projectRoot = "";
			targets = (
				D7118F9322CFA74100EE2F8E /* Intervals & Frequencies */,
			);
		};
/* End PBXProject section */

/* Begin PBXResourcesBuildPhase section */
		D7118F9222CFA74100EE2F8E /* Resources */ = {
			isa = PBXResourcesBuildPhase;
			buildActionMask = 2147483647;
			files = (
				D7118FA222CFA74400EE2F8E /* LaunchScreen.storyboard in Resources */,
				D7118FAF22CFAFF400EE2F8E /* Waves.storyboard in Resources */,
				D7118F9F22CFA74400EE2F8E /* Assets.xcassets in Resources */,
			);
			runOnlyForDeploymentPostprocessing = 0;
		};
/* End PBXResourcesBuildPhase section */

/* Begin PBXShellScriptBuildPhase section */
		73892B458F2E8627EDBD0D42 /* [CP] Check Pods Manifest.lock */ = {
			isa = PBXShellScriptBuildPhase;
			buildActionMask = 2147483647;
			files = (
			);
			inputFileListPaths = (
			);
			inputPaths = (
				"${PODS_PODFILE_DIR_PATH}/Podfile.lock",
				"${PODS_ROOT}/Manifest.lock",
			);
			name = "[CP] Check Pods Manifest.lock";
			outputFileListPaths = (
			);
			outputPaths = (
				"$(DERIVED_FILE_DIR)/Pods-Intervals & Frequencies-checkManifestLockResult.txt",
			);
			runOnlyForDeploymentPostprocessing = 0;
			shellPath = /bin/sh;
			shellScript = "diff \"${PODS_PODFILE_DIR_PATH}/Podfile.lock\" \"${PODS_ROOT}/Manifest.lock\" > /dev/null\nif [ $? != 0 ] ; then\n    # print error to STDERR\n    echo \"error: The sandbox is not in sync with the Podfile.lock. Run 'pod install' or update your CocoaPods installation.\" >&2\n    exit 1\nfi\n# This output is used by Xcode 'outputs' to avoid re-running this script phase.\necho \"SUCCESS\" > \"${SCRIPT_OUTPUT_FILE_0}\"\n";
			showEnvVarsInLog = 0;
		};
/* End PBXShellScriptBuildPhase section */

/* Begin PBXSourcesBuildPhase section */
		D7118F9022CFA74100EE2F8E /* Sources */ = {
			isa = PBXSourcesBuildPhase;
			buildActionMask = 2147483647;
			files = (
				D7118FB122CFB5D500EE2F8E /* IntervalsViewController.swift in Sources */,
				D7118F9A22CFA74200EE2F8E /* FrequenciesViewController.swift in Sources */,
				D7118FB322CFB6EC00EE2F8E /* Frequencies.swift in Sources */,
				D7118F9822CFA74200EE2F8E /* AppDelegate.swift in Sources */,
			);
			runOnlyForDeploymentPostprocessing = 0;
		};
/* End PBXSourcesBuildPhase section */

/* Begin PBXVariantGroup section */
		D7118FA022CFA74400EE2F8E /* LaunchScreen.storyboard */ = {
			isa = PBXVariantGroup;
			children = (
				D7118FA122CFA74400EE2F8E /* Base */,
			);
			name = LaunchScreen.storyboard;
			sourceTree = "<group>";
		};
		D7118FAD22CFAFF400EE2F8E /* Waves.storyboard */ = {
			isa = PBXVariantGroup;
			children = (
				D7118FAE22CFAFF400EE2F8E /* Base */,
			);
			name = Waves.storyboard;
			sourceTree = "<group>";
		};
/* End PBXVariantGroup section */

/* Begin XCBuildConfiguration section */
		D7118FA422CFA74400EE2F8E /* Debug */ = {
			isa = XCBuildConfiguration;
			buildSettings = {
				ALWAYS_SEARCH_USER_PATHS = NO;
				CLANG_ANALYZER_NONNULL = YES;
				CLANG_ANALYZER_NUMBER_OBJECT_CONVERSION = YES_AGGRESSIVE;
				CLANG_CXX_LANGUAGE_STANDARD = "gnu++14";
				CLANG_CXX_LIBRARY = "libc++";
				CLANG_ENABLE_MODULES = YES;
				CLANG_ENABLE_OBJC_ARC = YES;
				CLANG_ENABLE_OBJC_WEAK = YES;
				CLANG_WARN_BLOCK_CAPTURE_AUTORELEASING = YES;
				CLANG_WARN_BOOL_CONVERSION = YES;
				CLANG_WARN_COMMA = YES;
				CLANG_WARN_CONSTANT_CONVERSION = YES;
				CLANG_WARN_DEPRECATED_OBJC_IMPLEMENTATIONS = YES;
				CLANG_WARN_DIRECT_OBJC_ISA_USAGE = YES_ERROR;
				CLANG_WARN_DOCUMENTATION_COMMENTS = YES;
				CLANG_WARN_EMPTY_BODY = YES;
				CLANG_WARN_ENUM_CONVERSION = YES;
				CLANG_WARN_INFINITE_RECURSION = YES;
				CLANG_WARN_INT_CONVERSION = YES;
				CLANG_WARN_NON_LITERAL_NULL_CONVERSION = YES;
				CLANG_WARN_OBJC_IMPLICIT_RETAIN_SELF = YES;
				CLANG_WARN_OBJC_LITERAL_CONVERSION = YES;
				CLANG_WARN_OBJC_ROOT_CLASS = YES_ERROR;
				CLANG_WARN_RANGE_LOOP_ANALYSIS = YES;
				CLANG_WARN_STRICT_PROTOTYPES = YES;
				CLANG_WARN_SUSPICIOUS_MOVE = YES;
				CLANG_WARN_UNGUARDED_AVAILABILITY = YES_AGGRESSIVE;
				CLANG_WARN_UNREACHABLE_CODE = YES;
				CLANG_WARN__DUPLICATE_METHOD_MATCH = YES;
				CODE_SIGN_IDENTITY = "iPhone Developer";
				COPY_PHASE_STRIP = NO;
				DEBUG_INFORMATION_FORMAT = dwarf;
				ENABLE_STRICT_OBJC_MSGSEND = YES;
				ENABLE_TESTABILITY = YES;
				GCC_C_LANGUAGE_STANDARD = gnu11;
				GCC_DYNAMIC_NO_PIC = NO;
				GCC_NO_COMMON_BLOCKS = YES;
				GCC_OPTIMIZATION_LEVEL = 0;
				GCC_PREPROCESSOR_DEFINITIONS = (
					"DEBUG=1",
					"$(inherited)",
				);
				GCC_WARN_64_TO_32_BIT_CONVERSION = YES;
				GCC_WARN_ABOUT_RETURN_TYPE = YES_ERROR;
				GCC_WARN_UNDECLARED_SELECTOR = YES;
				GCC_WARN_UNINITIALIZED_AUTOS = YES_AGGRESSIVE;
				GCC_WARN_UNUSED_FUNCTION = YES;
				GCC_WARN_UNUSED_VARIABLE = YES;
				IPHONEOS_DEPLOYMENT_TARGET = 12.2;
				MTL_ENABLE_DEBUG_INFO = INCLUDE_SOURCE;
				MTL_FAST_MATH = YES;
				ONLY_ACTIVE_ARCH = YES;
				SDKROOT = iphoneos;
				SWIFT_ACTIVE_COMPILATION_CONDITIONS = DEBUG;
				SWIFT_OPTIMIZATION_LEVEL = "-Onone";
			};
			name = Debug;
		};
		D7118FA522CFA74400EE2F8E /* Release */ = {
			isa = XCBuildConfiguration;
			buildSettings = {
				ALWAYS_SEARCH_USER_PATHS = NO;
				CLANG_ANALYZER_NONNULL = YES;
				CLANG_ANALYZER_NUMBER_OBJECT_CONVERSION = YES_AGGRESSIVE;
				CLANG_CXX_LANGUAGE_STANDARD = "gnu++14";
				CLANG_CXX_LIBRARY = "libc++";
				CLANG_ENABLE_MODULES = YES;
				CLANG_ENABLE_OBJC_ARC = YES;
				CLANG_ENABLE_OBJC_WEAK = YES;
				CLANG_WARN_BLOCK_CAPTURE_AUTORELEASING = YES;
				CLANG_WARN_BOOL_CONVERSION = YES;
				CLANG_WARN_COMMA = YES;
				CLANG_WARN_CONSTANT_CONVERSION = YES;
				CLANG_WARN_DEPRECATED_OBJC_IMPLEMENTATIONS = YES;
				CLANG_WARN_DIRECT_OBJC_ISA_USAGE = YES_ERROR;
				CLANG_WARN_DOCUMENTATION_COMMENTS = YES;
				CLANG_WARN_EMPTY_BODY = YES;
				CLANG_WARN_ENUM_CONVERSION = YES;
				CLANG_WARN_INFINITE_RECURSION = YES;
				CLANG_WARN_INT_CONVERSION = YES;
				CLANG_WARN_NON_LITERAL_NULL_CONVERSION = YES;
				CLANG_WARN_OBJC_IMPLICIT_RETAIN_SELF = YES;
				CLANG_WARN_OBJC_LITERAL_CONVERSION = YES;
				CLANG_WARN_OBJC_ROOT_CLASS = YES_ERROR;
				CLANG_WARN_RANGE_LOOP_ANALYSIS = YES;
				CLANG_WARN_STRICT_PROTOTYPES = YES;
				CLANG_WARN_SUSPICIOUS_MOVE = YES;
				CLANG_WARN_UNGUARDED_AVAILABILITY = YES_AGGRESSIVE;
				CLANG_WARN_UNREACHABLE_CODE = YES;
				CLANG_WARN__DUPLICATE_METHOD_MATCH = YES;
				CODE_SIGN_IDENTITY = "iPhone Developer";
				COPY_PHASE_STRIP = NO;
				DEBUG_INFORMATION_FORMAT = "dwarf-with-dsym";
				ENABLE_NS_ASSERTIONS = NO;
				ENABLE_STRICT_OBJC_MSGSEND = YES;
				GCC_C_LANGUAGE_STANDARD = gnu11;
				GCC_NO_COMMON_BLOCKS = YES;
				GCC_WARN_64_TO_32_BIT_CONVERSION = YES;
				GCC_WARN_ABOUT_RETURN_TYPE = YES_ERROR;
				GCC_WARN_UNDECLARED_SELECTOR = YES;
				GCC_WARN_UNINITIALIZED_AUTOS = YES_AGGRESSIVE;
				GCC_WARN_UNUSED_FUNCTION = YES;
				GCC_WARN_UNUSED_VARIABLE = YES;
				IPHONEOS_DEPLOYMENT_TARGET = 12.2;
				MTL_ENABLE_DEBUG_INFO = NO;
				MTL_FAST_MATH = YES;
				SDKROOT = iphoneos;
				SWIFT_COMPILATION_MODE = wholemodule;
				SWIFT_OPTIMIZATION_LEVEL = "-O";
				VALIDATE_PRODUCT = YES;
			};
			name = Release;
		};
		D7118FA722CFA74400EE2F8E /* Debug */ = {
			isa = XCBuildConfiguration;
			baseConfigurationReference = 0B708C0E73B7338F7B9B714B /* Pods-Intervals & Frequencies.debug.xcconfig */;
			buildSettings = {
				ASSETCATALOG_COMPILER_APPICON_NAME = AppIcon;
				CODE_SIGN_STYLE = Automatic;
				DEVELOPMENT_TEAM = AN8H79QZL4;
				FRAMEWORK_SEARCH_PATHS = (
					"$(inherited)",
					"$(PROJECT_DIR)",
				);
				INFOPLIST_FILE = "Intervals & Frequencies/Info.plist";
				LD_RUNPATH_SEARCH_PATHS = (
					"$(inherited)",
					"@executable_path/Frameworks",
				);
				PRODUCT_BUNDLE_IDENTIFIER = "com.matvey.Intervals---Frequencies";
				PRODUCT_NAME = "$(TARGET_NAME)";
				SWIFT_VERSION = 5.0;
				TARGETED_DEVICE_FAMILY = "1,2";
			};
			name = Debug;
		};
		D7118FA822CFA74400EE2F8E /* Release */ = {
			isa = XCBuildConfiguration;
			baseConfigurationReference = 64FF1BEEC6A50A360D4730AD /* Pods-Intervals & Frequencies.release.xcconfig */;
			buildSettings = {
				ASSETCATALOG_COMPILER_APPICON_NAME = AppIcon;
				CODE_SIGN_STYLE = Automatic;
				DEVELOPMENT_TEAM = AN8H79QZL4;
				FRAMEWORK_SEARCH_PATHS = (
					"$(inherited)",
					"$(PROJECT_DIR)",
				);
				INFOPLIST_FILE = "Intervals & Frequencies/Info.plist";
				LD_RUNPATH_SEARCH_PATHS = (
					"$(inherited)",
					"@executable_path/Frameworks",
				);
				PRODUCT_BUNDLE_IDENTIFIER = "com.matvey.Intervals---Frequencies";
				PRODUCT_NAME = "$(TARGET_NAME)";
				SWIFT_VERSION = 5.0;
				TARGETED_DEVICE_FAMILY = "1,2";
			};
			name = Release;
		};
/* End XCBuildConfiguration section */

/* Begin XCConfigurationList section */
		D7118F8F22CFA74100EE2F8E /* Build configuration list for PBXProject "Intervals & Frequencies" */ = {
			isa = XCConfigurationList;
			buildConfigurations = (
				D7118FA422CFA74400EE2F8E /* Debug */,
				D7118FA522CFA74400EE2F8E /* Release */,
			);
			defaultConfigurationIsVisible = 0;
			defaultConfigurationName = Release;
		};
		D7118FA622CFA74400EE2F8E /* Build configuration list for PBXNativeTarget "Intervals & Frequencies" */ = {
			isa = XCConfigurationList;
			buildConfigurations = (
				D7118FA722CFA74400EE2F8E /* Debug */,
				D7118FA822CFA74400EE2F8E /* Release */,
			);
			defaultConfigurationIsVisible = 0;
			defaultConfigurationName = Release;
		};
/* End XCConfigurationList section */
	};
	rootObject = D7118F8C22CFA74100EE2F8E /* Project object */;
}
